{
  "name": "plane-fo-website",
  "lockfileVersion": 3,
  "requires": true,
  "packages": {
    "": {
      "name": "plane-fo-website",
      "dependencies": {
        "google-flights-scraper": "^0.2.0"
      },
      "engines": {
        "node": "24.x"
      }
    },
    "node_modules/google-flights-scraper": {
      "version": "0.2.0",
      "resolved": "https://registry.npmjs.org/google-flights-scraper/-/google-flights-scraper-0.2.0.tgz",
      "integrity": "sha512-XI9OA1qeRBE7CM+7Vy5FWK34PCUMnsq2stABTmnGalC7XjLHskHJFA9acWrLee4Q7aDYiU/Hyk1LkpSB63WnzQ==",
      "license": "MIT",
      "dependencies": {
        "undici": "^8.1.0",
        "zod": "^4.3.6"
      },
      "engines": {
        "node": ">=20"
      }
    },
    "node_modules/undici": {
      "version": "8.3.0",
      "resolved": "https://registry.npmjs.org/undici/-/undici-8.3.0.tgz",
      "integrity": "sha512-TkUDgb6tl7KOGZ+7e8E3d2FYgUQgF6z5YypqjWmixVQSQERFcVrVg0ySADm2LVLRh5ljAaHTCR5Fmz3Q34rB7Q==",
      "license": "MIT",
      "engines": {
        "node": ">=22.19.0"
      }
    },
    "node_modules/zod": {
      "version": "4.4.3",
      "resolved": "https://registry.npmjs.org/zod/-/zod-4.4.3.tgz",
      "integrity": "sha512-ytENFjIJFl2UwYglde2jchW2Hwm4GJFLDiSXWdTrJQBIN9Fcyp7n4DhxJEiWNAJMV1/BqWfW/kkg71UDcHJyTQ==",
      "license": "MIT",
      "funding": {
        "url": "https://github.com/sponsors/colinhacks"
      }
    }
  }
}
